
Microsoft Visual Studio Solution File, Format Version 12.00
# Visual Studio Version 16
VisualStudioVersion = 16.0.29519.181
MinimumVisualStudioVersion = 10.0.40219.1
Project("{FAE04EC0-301F-11D3-BF4B-00C04F79EFBC}") = "IdentityRef.UnitTests", "IdentityRef.UnitTests\IdentityRef.UnitTests.csproj", "{E305F655-7BEC-44EF-AFD2-0A99B545CEC7}"
EndProject
Project("{9A19103F-16F7-4668-BE54-9A1E7A4F7556}") = "IdentityRef", "IdentityRef\IdentityRef.csproj", "{7754368A-6C17-4C65-A142-3F622724315E}"
EndProject
Project("{FAE04EC0-301F-11D3-BF4B-00C04F79EFBC}") = "IdentityRefCore3", "IdentityRefCore3\IdentityRefCore3.csproj", "{8C8050FF-B9BC-4977-95A5-E66826AC9060}"
EndProject
Global
	GlobalSection(SolutionConfigurationPlatforms) = preSolution
		Debug|Any CPU = Debug|Any CPU
		Release|Any CPU = Release|Any CPU
	EndGlobalSection
	GlobalSection(ProjectConfigurationPlatforms) = postSolution
		{E305F655-7BEC-44EF-AFD2-0A99B545CEC7}.Debug|Any CPU.ActiveCfg = Debug|Any CPU
		{E305F655-7BEC-44EF-AFD2-0A99B545CEC7}.Debug|Any CPU.Build.0 = Debug|Any CPU
		{E305F655-7BEC-44EF-AFD2-0A99B545CEC7}.Release|Any CPU.ActiveCfg = Release|Any CPU
		{E305F655-7BEC-44EF-AFD2-0A99B545CEC7}.Release|Any CPU.Build.0 = Release|Any CPU
		{7754368A-6C17-4C65-A142-3F622724315E}.Debug|Any CPU.ActiveCfg = Debug|Any CPU
		{7754368A-6C17-4C65-A142-3F622724315E}.Debug|Any CPU.Build.0 = Debug|Any CPU
		{7754368A-6C17-4C65-A142-3F622724315E}.Release|Any CPU.ActiveCfg = Release|Any CPU
		{7754368A-6C17-4C65-A142-3F622724315E}.Release|Any CPU.Build.0 = Release|Any CPU
		{8C8050FF-B9BC-4977-95A5-E66826AC9060}.Debug|Any CPU.ActiveCfg = Debug|Any CPU
		{8C8050FF-B9BC-4977-95A5-E66826AC9060}.Debug|Any CPU.Build.0 = Debug|Any CPU
		{8C8050FF-B9BC-4977-95A5-E66826AC9060}.Release|Any CPU.ActiveCfg = Release|Any CPU
		{8C8050FF-B9BC-4977-95A5-E66826AC9060}.Release|Any CPU.Build.0 = Release|Any CPU
	EndGlobalSection
	GlobalSection(SolutionProperties) = preSolution
		HideSolutionNode = FALSE
	EndGlobalSection
	GlobalSection(ExtensibilityGlobals) = postSolution
		SolutionGuid = {E7DFCA06-8378-48F6-B00C-0CF3CC0CD39E}
	EndGlobalSection
EndGlobal
